
Microsoft Visual Studio Solution File, Format Version 11.00
# Visual Studio 2010
Project("{FAE04EC0-301F-11D3-BF4B-00C04F79EFBC}") = "PhotonPluginTest", "Assembly-CSharp.csproj", "{F6CDA0B0-1D41-902B-C53B-93110A6DB0CE}"
EndProject
Project("{FAE04EC0-301F-11D3-BF4B-00C04F79EFBC}") = "PhotonPluginTest", "Assembly-CSharp-firstpass.csproj", "{6DB2C1A3-AC07-EE57-BE30-30FDAC57F630}"
EndProject
Project("{FAE04EC0-301F-11D3-BF4B-00C04F79EFBC}") = "PhotonPluginTest", "Assembly-CSharp-Editor.csproj", "{E02AB323-22D1-8224-BB2B-6577BAA7D2C2}"
EndProject
Global
	GlobalSection(SolutionConfigurationPlatforms) = preSolution
		Debug|Any CPU = Debug|Any CPU
		Release|Any CPU = Release|Any CPU
	EndGlobalSection
	GlobalSection(ProjectConfigurationPlatforms) = postSolution
		{F6CDA0B0-1D41-902B-C53B-93110A6DB0CE}.Debug|Any CPU.ActiveCfg = Debug|Any CPU
		{F6CDA0B0-1D41-902B-C53B-93110A6DB0CE}.Debug|Any CPU.Build.0 = Debug|Any CPU
		{F6CDA0B0-1D41-902B-C53B-93110A6DB0CE}.Release|Any CPU.ActiveCfg = Release|Any CPU
		{F6CDA0B0-1D41-902B-C53B-93110A6DB0CE}.Release|Any CPU.Build.0 = Release|Any CPU
		{6DB2C1A3-AC07-EE57-BE30-30FDAC57F630}.Debug|Any CPU.ActiveCfg = Debug|Any CPU
		{6DB2C1A3-AC07-EE57-BE30-30FDAC57F630}.Debug|Any CPU.Build.0 = Debug|Any CPU
		{6DB2C1A3-AC07-EE57-BE30-30FDAC57F630}.Release|Any CPU.ActiveCfg = Release|Any CPU
		{6DB2C1A3-AC07-EE57-BE30-30FDAC57F630}.Release|Any CPU.Build.0 = Release|Any CPU
		{E02AB323-22D1-8224-BB2B-6577BAA7D2C2}.Debug|Any CPU.ActiveCfg = Debug|Any CPU
		{E02AB323-22D1-8224-BB2B-6577BAA7D2C2}.Debug|Any CPU.Build.0 = Debug|Any CPU
		{E02AB323-22D1-8224-BB2B-6577BAA7D2C2}.Release|Any CPU.ActiveCfg = Release|Any CPU
		{E02AB323-22D1-8224-BB2B-6577BAA7D2C2}.Release|Any CPU.Build.0 = Release|Any CPU
	EndGlobalSection
	GlobalSection(SolutionProperties) = preSolution
		HideSolutionNode = FALSE
	EndGlobalSection
	GlobalSection(MonoDevelopProperties) = preSolution
		StartupItem = Assembly-CSharp.csproj
	EndGlobalSection
EndGlobal
